RabbitMQ Lambda Functions Happiness is not something ready made. It comes from your own actions. Docker Opportunities don't happen. You create them. Simplicity is the ultimate sophistication. Kubernetes Difficult roads often lead to beautiful destinations. Virtual Machines Database Indexing Big Data Neural Networks Kafka IoT
