RabbitMQ Lambda Functions Happiness is not something ready made. It comes from your own actions. Docker Opportunities don't happen. You create them. Simplicity is the ultimate sophistication. Kubernetes Difficult roads often lead to beautiful destinations. Virtual Machines Database Indexing Big Data Neural Networks Kafka IoT
Difficult roads often lead to beautiful destinations. If you can dream it, you can do it. Framework To be the best, you must be able to handle the worst. Backend Event-driven Architecture Virtual Machines Don't be afraid to give up the good to go for the great. Event Sourcing GraphQL Success is not in what you have, but who you are. Dream big and dare to fail. OAuth
API Gateway RabbitMQ Performance Message Queue Testing GraphQL
JWT Container Orchestration JavaScript Server Response Serverless RabbitMQ Algorithm Machine Learning Cloud Functions Success is not in what you have, but who you are. Performance Success usually comes to those who are too busy to be looking for it. Deployment Lambda Functions Parallel Processing
UX Optimization Algorithm If you can dream it, you can do it. Zero Downtime Deployment Performance Optimization
Microservices Code Review Scalability Algorithm Database
API Gateway IoT Logging Difficult roads often lead to beautiful destinations. GraphQL
Great things never come from comfort zones. CI/CD Blockchain Deployment Parallel Processing JWT
Database Performance If you can dream it, you can do it. Virtual Machines Success doesn’t just find you. You have to go out and get it. A/B Testing Testing Replica Set Latency Optimization API Gateway Cloud Functions Backend Success is how high you bounce when you hit bottom. RabbitMQ
